
Microsoft Visual Studio Solution File, Format Version 12.00
# Visual Studio Version 17
VisualStudioVersion = 17.9.34728.123
MinimumVisualStudioVersion = 10.0.40219.1
Project("{FAE04EC0-301F-11D3-BF4B-00C04F79EFBC}") = "zad3", "zad3\zad3.csproj", "{1E0232DA-ECDC-4A22-BE93-0CC0A3F52133}"
EndProject
Global
	GlobalSection(SolutionConfigurationPlatforms) = preSolution
		Debug|Any CPU = Debug|Any CPU
		Release|Any CPU = Release|Any CPU
	EndGlobalSection
	GlobalSection(ProjectConfigurationPlatforms) = postSolution
		{1E0232DA-ECDC-4A22-BE93-0CC0A3F52133}.Debug|Any CPU.ActiveCfg = Debug|Any CPU
		{1E0232DA-ECDC-4A22-BE93-0CC0A3F52133}.Debug|Any CPU.Build.0 = Debug|Any CPU
		{1E0232DA-ECDC-4A22-BE93-0CC0A3F52133}.Release|Any CPU.ActiveCfg = Release|Any CPU
		{1E0232DA-ECDC-4A22-BE93-0CC0A3F52133}.Release|Any CPU.Build.0 = Release|Any CPU
	EndGlobalSection
	GlobalSection(SolutionProperties) = preSolution
		HideSolutionNode = FALSE
	EndGlobalSection
	GlobalSection(ExtensibilityGlobals) = postSolution
		SolutionGuid = {A01EF1CE-229F-452B-B749-8E1D1395C001}
	EndGlobalSection
EndGlobal
