
Microsoft Visual Studio Solution File, Format Version 12.00
# Visual Studio Version 17
VisualStudioVersion = 17.7.34202.233
MinimumVisualStudioVersion = 10.0.40219.1
Project("{FAE04EC0-301F-11D3-BF4B-00C04F79EFBC}") = "zad2", "zad2\zad2.csproj", "{90CF95EA-CE5F-488E-81D3-FE417D18EC63}"
EndProject
Global
	GlobalSection(SolutionConfigurationPlatforms) = preSolution
		Debug|Any CPU = Debug|Any CPU
		Release|Any CPU = Release|Any CPU
	EndGlobalSection
	GlobalSection(ProjectConfigurationPlatforms) = postSolution
		{90CF95EA-CE5F-488E-81D3-FE417D18EC63}.Debug|Any CPU.ActiveCfg = Debug|Any CPU
		{90CF95EA-CE5F-488E-81D3-FE417D18EC63}.Debug|Any CPU.Build.0 = Debug|Any CPU
		{90CF95EA-CE5F-488E-81D3-FE417D18EC63}.Release|Any CPU.ActiveCfg = Release|Any CPU
		{90CF95EA-CE5F-488E-81D3-FE417D18EC63}.Release|Any CPU.Build.0 = Release|Any CPU
	EndGlobalSection
	GlobalSection(SolutionProperties) = preSolution
		HideSolutionNode = FALSE
	EndGlobalSection
	GlobalSection(ExtensibilityGlobals) = postSolution
		SolutionGuid = {22F7891F-D3B9-46E6-BFE3-D50BBF7F6C31}
	EndGlobalSection
EndGlobal
