
Microsoft Visual Studio Solution File, Format Version 12.00
# Visual Studio Version 17
VisualStudioVersion = 17.7.34202.233
MinimumVisualStudioVersion = 10.0.40219.1
Project("{FAE04EC0-301F-11D3-BF4B-00C04F79EFBC}") = "zad3", "zad3\zad3.csproj", "{82CF6F43-6BBE-4163-A1D4-488E77DB95DE}"
EndProject
Global
	GlobalSection(SolutionConfigurationPlatforms) = preSolution
		Debug|Any CPU = Debug|Any CPU
		Release|Any CPU = Release|Any CPU
	EndGlobalSection
	GlobalSection(ProjectConfigurationPlatforms) = postSolution
		{82CF6F43-6BBE-4163-A1D4-488E77DB95DE}.Debug|Any CPU.ActiveCfg = Debug|Any CPU
		{82CF6F43-6BBE-4163-A1D4-488E77DB95DE}.Debug|Any CPU.Build.0 = Debug|Any CPU
		{82CF6F43-6BBE-4163-A1D4-488E77DB95DE}.Release|Any CPU.ActiveCfg = Release|Any CPU
		{82CF6F43-6BBE-4163-A1D4-488E77DB95DE}.Release|Any CPU.Build.0 = Release|Any CPU
	EndGlobalSection
	GlobalSection(SolutionProperties) = preSolution
		HideSolutionNode = FALSE
	EndGlobalSection
	GlobalSection(ExtensibilityGlobals) = postSolution
		SolutionGuid = {961EF396-01DD-4DF6-8D43-583B67748B30}
	EndGlobalSection
EndGlobal
