
Microsoft Visual Studio Solution File, Format Version 12.00
# Visual Studio Version 17
VisualStudioVersion = 17.7.34202.233
MinimumVisualStudioVersion = 10.0.40219.1
Project("{FAE04EC0-301F-11D3-BF4B-00C04F79EFBC}") = "zad2", "zad2\zad2.csproj", "{39B0D57B-AF1A-45C0-B644-871579B0DE3F}"
EndProject
Global
	GlobalSection(SolutionConfigurationPlatforms) = preSolution
		Debug|Any CPU = Debug|Any CPU
		Release|Any CPU = Release|Any CPU
	EndGlobalSection
	GlobalSection(ProjectConfigurationPlatforms) = postSolution
		{39B0D57B-AF1A-45C0-B644-871579B0DE3F}.Debug|Any CPU.ActiveCfg = Debug|Any CPU
		{39B0D57B-AF1A-45C0-B644-871579B0DE3F}.Debug|Any CPU.Build.0 = Debug|Any CPU
		{39B0D57B-AF1A-45C0-B644-871579B0DE3F}.Release|Any CPU.ActiveCfg = Release|Any CPU
		{39B0D57B-AF1A-45C0-B644-871579B0DE3F}.Release|Any CPU.Build.0 = Release|Any CPU
	EndGlobalSection
	GlobalSection(SolutionProperties) = preSolution
		HideSolutionNode = FALSE
	EndGlobalSection
	GlobalSection(ExtensibilityGlobals) = postSolution
		SolutionGuid = {0E11F58E-E1B7-48ED-B666-BCB08B8921AC}
	EndGlobalSection
EndGlobal
